<?xml version="1.0" encoding="utf-8"?>
<Project ToolsVersion="4.0" xmlns="http://schemas.microsoft.com/developer/msbuild/2003">
  <ItemGroup>
    <Filter Include="Source Files">
      <UniqueIdentifier>{4FC737F1-C7A5-4376-A066-2A32D752A2FF}</UniqueIdentifier>
      <Extensions>cpp;c;cc;cxx;c++;cppm;ixx;def;odl;idl;hpj;bat;asm;asmx</Extensions>
    </Filter>
    <Filter Include="Header Files">
      <UniqueIdentifier>{93995380-89BD-4b04-88EB-625FBE52EBFB}</UniqueIdentifier>
      <Extensions>h;hh;hpp;hxx;h++;hm;inl;inc;ipp;xsd</Extensions>
    </Filter>
    <Filter Include="Resource Files">
      <UniqueIdentifier>{67DA6AB6-F800-4c08-8B7A-83BB121AAD01}</UniqueIdentifier>
      <Extensions>rc;ico;cur;bmp;dlg;rc2;rct;bin;rgs;gif;jpg;jpeg;jpe;resx;tiff;tif;png;wav;mfcribbon-ms</Extensions>
    </Filter>
    <Filter Include="Header Files\engine">
      <UniqueIdentifier>{5be8aecb-2359-4d03-b8c1-8c4708ceb435}</UniqueIdentifier>
    </Filter>
    <Filter Include="Header Files\engine\scene">
      <UniqueIdentifier>{6d1e8daa-a872-4df8-bb7e-069aacc952dd}</UniqueIdentifier>
    </Filter>
    <Filter Include="Header Files\engine\scene\gui">
      <UniqueIdentifier>{1cb0909c-91aa-414e-a34d-c7087b8e2d10}</UniqueIdentifier>
    </Filter>
    <Filter Include="Header Files\engine\ray">
      <UniqueIdentifier>{fab64708-c10d-4dfc-86be-407c39990cfb}</UniqueIdentifier>
    </Filter>
    <Filter Include="Source Files\engine">
      <UniqueIdentifier>{a43ab076-e10e-4280-993b-c703f85afb00}</UniqueIdentifier>
    </Filter>
    <Filter Include="Source Files\engine\scene">
      <UniqueIdentifier>{8b1234d3-863c-4782-8c48-a8f2321fe40c}</UniqueIdentifier>
    </Filter>
    <Filter Include="Source Files\engine\scene\gui">
      <UniqueIdentifier>{1d846d64-5969-40d3-8e8e-3aa6133dd405}</UniqueIdentifier>
    </Filter>
    <Filter Include="Header Files\engine\component">
      <UniqueIdentifier>{7c033b11-9698-429f-a014-d7974bba4561}</UniqueIdentifier>
    </Filter>
    <Filter Include="Source Files\engine\component">
      <UniqueIdentifier>{a8ee8180-72d9-4b76-9c16-f8e0a9271ac9}</UniqueIdentifier>
    </Filter>
    <Filter Include="Header Files\tools">
      <UniqueIdentifier>{5d01e081-b23d-4a10-92ca-e6f50e70c9e9}</UniqueIdentifier>
    </Filter>
    <Filter Include="Header Files\engine\scene\2d">
      <UniqueIdentifier>{92d1cac3-fdf5-45f3-bbc8-5f9a6f331336}</UniqueIdentifier>
    </Filter>
    <Filter Include="Source Files\engine\scene\2d">
      <UniqueIdentifier>{47311101-a716-4e94-9a20-c264c3e70dcb}</UniqueIdentifier>
    </Filter>
    <Filter Include="Header Files\engine\script">
      <UniqueIdentifier>{ba734ea6-0e2a-4f18-a153-7cdbcb3c074f}</UniqueIdentifier>
    </Filter>
    <Filter Include="Source Files\engine\script">
      <UniqueIdentifier>{34e50614-f396-4da8-9e1f-77583cecd11f}</UniqueIdentifier>
    </Filter>
  </ItemGroup>
  <ItemGroup>
    <ClCompile Include="element.c">
      <Filter>Source Files\engine\scene</Filter>
    </ClCompile>
    <ClCompile Include="kat_engine.c">
      <Filter>Source Files\engine</Filter>
    </ClCompile>
    <ClCompile Include="point2d.c">
      <Filter>Source Files\engine\scene\2d</Filter>
    </ClCompile>
    <ClCompile Include="script.c">
      <Filter>Source Files\engine\script</Filter>
    </ClCompile>
    <ClCompile Include="transform2d.c">
      <Filter>Source Files\engine\component</Filter>
    </ClCompile>
    <ClCompile Include="component.c">
      <Filter>Source Files\engine\component</Filter>
    </ClCompile>
  </ItemGroup>
  <ItemGroup>
    <ClInclude Include="raygui.h">
      <Filter>Header Files\engine\ray</Filter>
    </ClInclude>
    <ClInclude Include="element.h">
      <Filter>Header Files\engine\scene</Filter>
    </ClInclude>
    <ClInclude Include="gui.h">
      <Filter>Header Files\engine\scene\gui</Filter>
    </ClInclude>
    <ClInclude Include="raylib.h">
      <Filter>Header Files\engine\ray</Filter>
    </ClInclude>
    <ClInclude Include="kat_engine.h">
      <Filter>Header Files\engine</Filter>
    </ClInclude>
    <ClInclude Include="2d.h">
      <Filter>Header Files\engine\scene\2d</Filter>
    </ClInclude>
    <ClInclude Include="point2d.h">
      <Filter>Header Files\engine\scene\2d</Filter>
    </ClInclude>
    <ClInclude Include="script.h">
      <Filter>Header Files\engine\script</Filter>
    </ClInclude>
    <ClInclude Include="component.h">
      <Filter>Header Files\engine\component</Filter>
    </ClInclude>
    <ClInclude Include="transform2d.h">
      <Filter>Header Files\engine\component</Filter>
    </ClInclude>
  </ItemGroup>
  <ItemGroup>
    <Library Include="raylib.lib">
      <Filter>Resource Files</Filter>
    </Library>
  </ItemGroup>
  <ItemGroup>
    <Text Include="THIRD_PARTY_LICENSE.txt">
      <Filter>Header Files\engine\ray</Filter>
    </Text>
  </ItemGroup>
</Project>